
Microsoft Visual Studio Solution File, Format Version 12.00
# Visual Studio Version 16
VisualStudioVersion = 16.0.31005.135
MinimumVisualStudioVersion = 10.0.40219.1
Project("{FAE04EC0-301F-11D3-BF4B-00C04F79EFBC}") = "StockSalesProject.DataAccess", "StockSalesProject.DataAccess\StockSalesProject.DataAccess.csproj", "{C5461DF0-26C9-4086-B0C6-FC060E7B4C63}"
EndProject
Project("{FAE04EC0-301F-11D3-BF4B-00C04F79EFBC}") = "StockSalesProject.Business", "StockSalesProject.Business\StockSalesProject.Business.csproj", "{E9BA97A2-7132-436C-976F-8D664CC961A8}"
EndProject
Project("{FAE04EC0-301F-11D3-BF4B-00C04F79EFBC}") = "StockSalesProject.Entity", "StockSalesProject.Entity\StockSalesProject.Entity.csproj", "{9DF486E0-3BB6-4840-9CC2-C4802B63021D}"
EndProject
Project("{FAE04EC0-301F-11D3-BF4B-00C04F79EFBC}") = "Core", "Core\Core.csproj", "{4F42C571-2BAB-46A5-A72B-74598BD422A4}"
EndProject
Project("{FAE04EC0-301F-11D3-BF4B-00C04F79EFBC}") = "StockSalesProject_MvcWebUI", "StockSalesProject_MvcWebUI\StockSalesProject_MvcWebUI.csproj", "{36FCFAB5-A6E5-4361-BAE6-52155B8CDD3F}"
EndProject
Global
	GlobalSection(SolutionConfigurationPlatforms) = preSolution
		Debug|Any CPU = Debug|Any CPU
		Release|Any CPU = Release|Any CPU
	EndGlobalSection
	GlobalSection(ProjectConfigurationPlatforms) = postSolution
		{C5461DF0-26C9-4086-B0C6-FC060E7B4C63}.Debug|Any CPU.ActiveCfg = Debug|Any CPU
		{C5461DF0-26C9-4086-B0C6-FC060E7B4C63}.Debug|Any CPU.Build.0 = Debug|Any CPU
		{C5461DF0-26C9-4086-B0C6-FC060E7B4C63}.Release|Any CPU.ActiveCfg = Release|Any CPU
		{C5461DF0-26C9-4086-B0C6-FC060E7B4C63}.Release|Any CPU.Build.0 = Release|Any CPU
		{E9BA97A2-7132-436C-976F-8D664CC961A8}.Debug|Any CPU.ActiveCfg = Debug|Any CPU
		{E9BA97A2-7132-436C-976F-8D664CC961A8}.Debug|Any CPU.Build.0 = Debug|Any CPU
		{E9BA97A2-7132-436C-976F-8D664CC961A8}.Release|Any CPU.ActiveCfg = Release|Any CPU
		{E9BA97A2-7132-436C-976F-8D664CC961A8}.Release|Any CPU.Build.0 = Release|Any CPU
		{9DF486E0-3BB6-4840-9CC2-C4802B63021D}.Debug|Any CPU.ActiveCfg = Debug|Any CPU
		{9DF486E0-3BB6-4840-9CC2-C4802B63021D}.Debug|Any CPU.Build.0 = Debug|Any CPU
		{9DF486E0-3BB6-4840-9CC2-C4802B63021D}.Release|Any CPU.ActiveCfg = Release|Any CPU
		{9DF486E0-3BB6-4840-9CC2-C4802B63021D}.Release|Any CPU.Build.0 = Release|Any CPU
		{4F42C571-2BAB-46A5-A72B-74598BD422A4}.Debug|Any CPU.ActiveCfg = Debug|Any CPU
		{4F42C571-2BAB-46A5-A72B-74598BD422A4}.Debug|Any CPU.Build.0 = Debug|Any CPU
		{4F42C571-2BAB-46A5-A72B-74598BD422A4}.Release|Any CPU.ActiveCfg = Release|Any CPU
		{4F42C571-2BAB-46A5-A72B-74598BD422A4}.Release|Any CPU.Build.0 = Release|Any CPU
		{36FCFAB5-A6E5-4361-BAE6-52155B8CDD3F}.Debug|Any CPU.ActiveCfg = Debug|Any CPU
		{36FCFAB5-A6E5-4361-BAE6-52155B8CDD3F}.Debug|Any CPU.Build.0 = Debug|Any CPU
		{36FCFAB5-A6E5-4361-BAE6-52155B8CDD3F}.Release|Any CPU.ActiveCfg = Release|Any CPU
		{36FCFAB5-A6E5-4361-BAE6-52155B8CDD3F}.Release|Any CPU.Build.0 = Release|Any CPU
	EndGlobalSection
	GlobalSection(SolutionProperties) = preSolution
		HideSolutionNode = FALSE
	EndGlobalSection
	GlobalSection(ExtensibilityGlobals) = postSolution
		SolutionGuid = {BDC15F41-9A73-4CBE-BE64-4841D4EF6BCA}
	EndGlobalSection
EndGlobal
